# This file was autogenerated by Stack.
# You should not edit this file by hand.
# For more information, please see the documentation at:
#   https://docs.haskellstack.org/en/stable/lock_files

packages:
- completed:
    hackage: yaml-config-0.4.0@sha256:575103d9fa1ef074a2b419256babaae7be5f5257f37adf3ed2601052415b2d83,1814
    pantry-tree:
      sha256: 504d63293d50f9949a1130abcaf1885f10df61a658cba854fb704521ba797c91
      size: 347
  original:
    hackage: yaml-config-0.4.0@sha256:575103d9fa1ef074a2b419256babaae7be5f5257f37adf3ed2601052415b2d83,1814
snapshots:
- completed:
    sha256: 8809197159ce65ec2d66f91982e4844ad0c2cbd1126df42146dd103c0ea6cac0
    size: 640063
    url: https://raw.githubusercontent.com/commercialhaskell/stackage-snapshots/master/lts/21/23.yaml
  original:
    url: https://raw.githubusercontent.com/commercialhaskell/stackage-snapshots/master/lts/21/23.yaml
