# This file was autogenerated by Stack.
# You should not edit this file by hand.
# For more information, please see the documentation at:
#   https://docs.haskellstack.org/en/stable/lock_files

packages:
- completed:
    hackage: yaml-config-0.4.0@sha256:575103d9fa1ef074a2b419256babaae7be5f5257f37adf3ed2601052415b2d83,1814
    pantry-tree:
      size: 347
      sha256: 504d63293d50f9949a1130abcaf1885f10df61a658cba854fb704521ba797c91
  original:
    hackage: yaml-config-0.4.0@sha256:575103d9fa1ef074a2b419256babaae7be5f5257f37adf3ed2601052415b2d83,1814
snapshots:
- completed:
    size: 567675
    url: https://raw.githubusercontent.com/commercialhaskell/stackage-snapshots/master/lts/17/13.yaml
    sha256: 84fa3ab606af79b1239ec213e8db5d49e4857f461eda9ac61fe589c967643b7d
  original:
    url: https://raw.githubusercontent.com/commercialhaskell/stackage-snapshots/master/lts/17/13.yaml
